
Microsoft Visual Studio Solution File, Format Version 12.00
# Visual Studio 14
VisualStudioVersion = 14.0.25420.1
MinimumVisualStudioVersion = 10.0.40219.1
Project("{FAE04EC0-301F-11D3-BF4B-00C04F79EFBC}") = "RestSharp Tutorial", "RestSharp Tutorial\RestSharp Tutorial.csproj", "{3EC5CCD7-52B8-4452-93A9-828E17376E02}"
EndProject
Project("{FAE04EC0-301F-11D3-BF4B-00C04F79EFBC}") = "TestApi", "TestApi\TestApi.csproj", "{7EE6DF59-2919-465A-88FD-36F6D25D1657}"
EndProject
Global
	GlobalSection(SolutionConfigurationPlatforms) = preSolution
		Debug|Any CPU = Debug|Any CPU
		Release|Any CPU = Release|Any CPU
	EndGlobalSection
	GlobalSection(ProjectConfigurationPlatforms) = postSolution
		{3EC5CCD7-52B8-4452-93A9-828E17376E02}.Debug|Any CPU.ActiveCfg = Debug|Any CPU
		{3EC5CCD7-52B8-4452-93A9-828E17376E02}.Debug|Any CPU.Build.0 = Debug|Any CPU
		{3EC5CCD7-52B8-4452-93A9-828E17376E02}.Release|Any CPU.ActiveCfg = Release|Any CPU
		{3EC5CCD7-52B8-4452-93A9-828E17376E02}.Release|Any CPU.Build.0 = Release|Any CPU
		{7EE6DF59-2919-465A-88FD-36F6D25D1657}.Debug|Any CPU.ActiveCfg = Debug|Any CPU
		{7EE6DF59-2919-465A-88FD-36F6D25D1657}.Debug|Any CPU.Build.0 = Debug|Any CPU
		{7EE6DF59-2919-465A-88FD-36F6D25D1657}.Release|Any CPU.ActiveCfg = Release|Any CPU
		{7EE6DF59-2919-465A-88FD-36F6D25D1657}.Release|Any CPU.Build.0 = Release|Any CPU
	EndGlobalSection
	GlobalSection(SolutionProperties) = preSolution
		HideSolutionNode = FALSE
	EndGlobalSection
EndGlobal
